# Generated by component-test; do not edit.
version = "0.1"

[suite]
name = "fixture_suite"
artifact_sha256 = "2a7796064ff9daf6e7e1f3f8c8092acc83965bd15bebdd2762cce3d8685c8504"

[[case]]
name = "fixture/hsm/attest"
marks = ["hsm"]

[[case]]
name = "fixture/hsm/declined"
marks = ["!hsm"]

[[case]]
name = "fixture/trap/after"

[[case]]
name = "fixture/trap/before"

[[case]]
name = "fixture/trap/boom"
