# Generated by component-test; do not edit.
version = "0.1"

[suite]
name = "fixture_suite"
artifact_sha256 = "7f1c4a888e3438fb0e45481b01305cfe1f2a2344df3d983a5664fee605bda682"

[[case]]
name = "fixture/hsm/attest"
tags = ["hsm"]

[[case]]
name = "fixture/hsm/declined"
tags = ["!hsm"]

[[case]]
name = "fixture/nested/deep/leaf"

[[case]]
name = "fixture/trap/after"

[[case]]
name = "fixture/trap/before"

[[case]]
name = "fixture/trap/boom"

[[generated]]
prefix = "fixture/gen"
