# Generated by component-test; do not edit.
version = "0.1"

[suite]
name = "fixture_suite"
artifact_sha256 = "a7cbc351fc83b19339295d3635bcb07a6b48d5dc25a818f2e989a349519dd4b4"

[[case]]
name = "fixture/hsm/attest"
tags = ["hsm"]

[[case]]
name = "fixture/hsm/declined"
tags = ["!hsm"]

[[case]]
name = "fixture/nested/deep/leaf"

[[case]]
name = "fixture/trap/after"

[[case]]
name = "fixture/trap/before"

[[case]]
name = "fixture/trap/boom"

[[generated]]
prefix = "fixture/gen"
