# Generated by component-test; do not edit.
version = "0.1"

[suite]
name = "fixture_suite"
artifact_sha256 = "35e3f97e54f0b56862c45237948dee16f1d5f0dac20672536ac8b3c42121c635"

[[case]]
name = "fixture/hsm/attest"
marks = ["hsm"]

[[case]]
name = "fixture/hsm/declined"
marks = ["!hsm"]

[[case]]
name = "fixture/trap/after"

[[case]]
name = "fixture/trap/before"

[[case]]
name = "fixture/trap/boom"
